// !$*UTF8*$!
{
	archiveVersion = 1;
	classes = {
	};
	objectVersion = 77;
	objects = {

/* Begin PBXBuildFile section */
		4C4A9CFBADA03F9EF132517F /* Pods_ChatQuickstart.framework in Frameworks */ = {isa = PBXBuildFile; fileRef = CE78C4E9D02A270F1F2FE3FD /* Pods_ChatQuickstart.framework */; };
		C92952502D83C5BD00E63B22 /* WidgetKit.framework in Frameworks */ = {isa = PBXBuildFile; fileRef = C92950402D7D7EA300E63B22 /* WidgetKit.framework */; };
		C92952512D83C5BD00E63B22 /* SwiftUI.framework in Frameworks */ = {isa = PBXBuildFile; fileRef = C92950422D7D7EA300E63B22 /* SwiftUI.framework */; };
		C92952622D83C5BF00E63B22 /* LiveActivitiesWidgetExtension.appex in Embed Foundation Extensions */ = {isa = PBXBuildFile; fileRef = C929524F2D83C5BD00E63B22 /* LiveActivitiesWidgetExtension.appex */; settings = {ATTRIBUTES = (RemoveHeadersOnCopy, ); }; };
/* End PBXBuildFile section */

/* Begin PBXContainerItemProxy section */
		C92952602D83C5BF00E63B22 /* PBXContainerItemProxy */ = {
			isa = PBXContainerItemProxy;
			containerPortal = C9FD996B2D5E284F00EADE9E /* Project object */;
			proxyType = 1;
			remoteGlobalIDString = C929524E2D83C5BD00E63B22;
			remoteInfo = LiveActivitiesWidgetExtension;
		};
/* End PBXContainerItemProxy section */

/* Begin PBXCopyFilesBuildPhase section */
		C92950592D7D7EA400E63B22 /* Embed Foundation Extensions */ = {
			isa = PBXCopyFilesBuildPhase;
			buildActionMask = 2147483647;
			dstPath = "";
			dstSubfolderSpec = 13;
			files = (
				C92952622D83C5BF00E63B22 /* LiveActivitiesWidgetExtension.appex in Embed Foundation Extensions */,
			);
			name = "Embed Foundation Extensions";
			runOnlyForDeploymentPostprocessing = 0;
		};
/* End PBXCopyFilesBuildPhase section */

/* Begin PBXFileReference section */
		4C312FF7DECC7A9458B58EEE /* Pods-ChatQuickstart.debug.xcconfig */ = {isa = PBXFileReference; includeInIndex = 1; lastKnownFileType = text.xcconfig; name = "Pods-ChatQuickstart.debug.xcconfig"; path = "Target Support Files/Pods-ChatQuickstart/Pods-ChatQuickstart.debug.xcconfig"; sourceTree = "<group>"; };
		C92950402D7D7EA300E63B22 /* WidgetKit.framework */ = {isa = PBXFileReference; lastKnownFileType = wrapper.framework; name = WidgetKit.framework; path = System/Library/Frameworks/WidgetKit.framework; sourceTree = SDKROOT; };
		C92950422D7D7EA300E63B22 /* SwiftUI.framework */ = {isa = PBXFileReference; lastKnownFileType = wrapper.framework; name = SwiftUI.framework; path = System/Library/Frameworks/SwiftUI.framework; sourceTree = SDKROOT; };
		C929524F2D83C5BD00E63B22 /* LiveActivitiesWidgetExtension.appex */ = {isa = PBXFileReference; explicitFileType = "wrapper.app-extension"; includeInIndex = 0; path = LiveActivitiesWidgetExtension.appex; sourceTree = BUILT_PRODUCTS_DIR; };
		C929526E2D83D9F800E63B22 /* LiveActivitiesWidgetExtensionDebug.entitlements */ = {isa = PBXFileReference; lastKnownFileType = text.plist.entitlements; path = LiveActivitiesWidgetExtensionDebug.entitlements; sourceTree = "<group>"; };
		C9FD99732D5E284F00EADE9E /* ChatQuickstart.app */ = {isa = PBXFileReference; explicitFileType = wrapper.application; includeInIndex = 0; path = ChatQuickstart.app; sourceTree = BUILT_PRODUCTS_DIR; };
		CA8530F9D34A924A32B8000B /* Pods-ChatQuickstart.release.xcconfig */ = {isa = PBXFileReference; includeInIndex = 1; lastKnownFileType = text.xcconfig; name = "Pods-ChatQuickstart.release.xcconfig"; path = "Target Support Files/Pods-ChatQuickstart/Pods-ChatQuickstart.release.xcconfig"; sourceTree = "<group>"; };
		CE78C4E9D02A270F1F2FE3FD /* Pods_ChatQuickstart.framework */ = {isa = PBXFileReference; explicitFileType = wrapper.framework; includeInIndex = 0; path = Pods_ChatQuickstart.framework; sourceTree = BUILT_PRODUCTS_DIR; };
/* End PBXFileReference section */

/* Begin PBXFileSystemSynchronizedBuildFileExceptionSet section */
		C92952662D83C5BF00E63B22 /* Exceptions for "LiveActivitiesWidget" folder in "LiveActivitiesWidgetExtension" target */ = {
			isa = PBXFileSystemSynchronizedBuildFileExceptionSet;
			membershipExceptions = (
				Info.plist,
			);
			target = C929524E2D83C5BD00E63B22 /* LiveActivitiesWidgetExtension */;
		};
		C929526A2D83C6BA00E63B22 /* Exceptions for "ChatQuickstart" folder in "LiveActivitiesWidgetExtension" target */ = {
			isa = PBXFileSystemSynchronizedBuildFileExceptionSet;
			membershipExceptions = (
				"Utils/Notification+Extension.swift",
			);
			target = C929524E2D83C5BD00E63B22 /* LiveActivitiesWidgetExtension */;
		};
		C929526C2D83C6E000E63B22 /* Exceptions for "LiveActivitiesWidget" folder in "ChatQuickstart" target */ = {
			isa = PBXFileSystemSynchronizedBuildFileExceptionSet;
			membershipExceptions = (
				AppIntent.swift,
				MusicPlayAttrbute.swift,
			);
			target = C9FD99722D5E284F00EADE9E /* ChatQuickstart */;
		};
		C9FD99852D5E285000EADE9E /* Exceptions for "ChatQuickstart" folder in "ChatQuickstart" target */ = {
			isa = PBXFileSystemSynchronizedBuildFileExceptionSet;
			membershipExceptions = (
				Info.plist,
			);
			target = C9FD99722D5E284F00EADE9E /* ChatQuickstart */;
		};
/* End PBXFileSystemSynchronizedBuildFileExceptionSet section */

/* Begin PBXFileSystemSynchronizedRootGroup section */
		C92952522D83C5BD00E63B22 /* LiveActivitiesWidget */ = {
			isa = PBXFileSystemSynchronizedRootGroup;
			exceptions = (
				C929526C2D83C6E000E63B22 /* Exceptions for "LiveActivitiesWidget" folder in "ChatQuickstart" target */,
				C92952662D83C5BF00E63B22 /* Exceptions for "LiveActivitiesWidget" folder in "LiveActivitiesWidgetExtension" target */,
			);
			path = LiveActivitiesWidget;
			sourceTree = "<group>";
		};
		C9FD99752D5E284F00EADE9E /* ChatQuickstart */ = {
			isa = PBXFileSystemSynchronizedRootGroup;
			exceptions = (
				C9FD99852D5E285000EADE9E /* Exceptions for "ChatQuickstart" folder in "ChatQuickstart" target */,
				C929526A2D83C6BA00E63B22 /* Exceptions for "ChatQuickstart" folder in "LiveActivitiesWidgetExtension" target */,
			);
			path = ChatQuickstart;
			sourceTree = "<group>";
		};
/* End PBXFileSystemSynchronizedRootGroup section */

/* Begin PBXFrameworksBuildPhase section */
		C929524C2D83C5BD00E63B22 /* Frameworks */ = {
			isa = PBXFrameworksBuildPhase;
			buildActionMask = 2147483647;
			files = (
				C92952512D83C5BD00E63B22 /* SwiftUI.framework in Frameworks */,
				C92952502D83C5BD00E63B22 /* WidgetKit.framework in Frameworks */,
			);
			runOnlyForDeploymentPostprocessing = 0;
		};
		C9FD99702D5E284F00EADE9E /* Frameworks */ = {
			isa = PBXFrameworksBuildPhase;
			buildActionMask = 2147483647;
			files = (
				4C4A9CFBADA03F9EF132517F /* Pods_ChatQuickstart.framework in Frameworks */,
			);
			runOnlyForDeploymentPostprocessing = 0;
		};
/* End PBXFrameworksBuildPhase section */

/* Begin PBXGroup section */
		4E93D93BE91043D578AD341B /* Frameworks */ = {
			isa = PBXGroup;
			children = (
				CE78C4E9D02A270F1F2FE3FD /* Pods_ChatQuickstart.framework */,
				C92950402D7D7EA300E63B22 /* WidgetKit.framework */,
				C92950422D7D7EA300E63B22 /* SwiftUI.framework */,
			);
			name = Frameworks;
			sourceTree = "<group>";
		};
		732F721EAA88E6C939A399EB /* Pods */ = {
			isa = PBXGroup;
			children = (
				4C312FF7DECC7A9458B58EEE /* Pods-ChatQuickstart.debug.xcconfig */,
				CA8530F9D34A924A32B8000B /* Pods-ChatQuickstart.release.xcconfig */,
			);
			path = Pods;
			sourceTree = "<group>";
		};
		C9FD996A2D5E284F00EADE9E = {
			isa = PBXGroup;
			children = (
				C929526E2D83D9F800E63B22 /* LiveActivitiesWidgetExtensionDebug.entitlements */,
				C9FD99752D5E284F00EADE9E /* ChatQuickstart */,
				C92952522D83C5BD00E63B22 /* LiveActivitiesWidget */,
				C9FD99742D5E284F00EADE9E /* Products */,
				732F721EAA88E6C939A399EB /* Pods */,
				4E93D93BE91043D578AD341B /* Frameworks */,
			);
			sourceTree = "<group>";
		};
		C9FD99742D5E284F00EADE9E /* Products */ = {
			isa = PBXGroup;
			children = (
				C9FD99732D5E284F00EADE9E /* ChatQuickstart.app */,
				C929524F2D83C5BD00E63B22 /* LiveActivitiesWidgetExtension.appex */,
			);
			name = Products;
			sourceTree = "<group>";
		};
/* End PBXGroup section */

/* Begin PBXNativeTarget section */
		C929524E2D83C5BD00E63B22 /* LiveActivitiesWidgetExtension */ = {
			isa = PBXNativeTarget;
			buildConfigurationList = C92952632D83C5BF00E63B22 /* Build configuration list for PBXNativeTarget "LiveActivitiesWidgetExtension" */;
			buildPhases = (
				C929524B2D83C5BD00E63B22 /* Sources */,
				C929524C2D83C5BD00E63B22 /* Frameworks */,
				C929524D2D83C5BD00E63B22 /* Resources */,
			);
			buildRules = (
			);
			dependencies = (
			);
			fileSystemSynchronizedGroups = (
				C92952522D83C5BD00E63B22 /* LiveActivitiesWidget */,
			);
			name = LiveActivitiesWidgetExtension;
			packageProductDependencies = (
			);
			productName = LiveActivitiesWidgetExtension;
			productReference = C929524F2D83C5BD00E63B22 /* LiveActivitiesWidgetExtension.appex */;
			productType = "com.apple.product-type.app-extension";
		};
		C9FD99722D5E284F00EADE9E /* ChatQuickstart */ = {
			isa = PBXNativeTarget;
			buildConfigurationList = C9FD99862D5E285000EADE9E /* Build configuration list for PBXNativeTarget "ChatQuickstart" */;
			buildPhases = (
				E248BFD5D4BBFF30095170F8 /* [CP] Check Pods Manifest.lock */,
				C9FD996F2D5E284F00EADE9E /* Sources */,
				C9FD99702D5E284F00EADE9E /* Frameworks */,
				C9FD99712D5E284F00EADE9E /* Resources */,
				1489067313B793340368DBEB /* [CP] Embed Pods Frameworks */,
				9FE363C9A9B6981D99D1365F /* [CP] Copy Pods Resources */,
				C92950592D7D7EA400E63B22 /* Embed Foundation Extensions */,
			);
			buildRules = (
			);
			dependencies = (
				C92952612D83C5BF00E63B22 /* PBXTargetDependency */,
			);
			fileSystemSynchronizedGroups = (
				C9FD99752D5E284F00EADE9E /* ChatQuickstart */,
			);
			name = ChatQuickstart;
			productName = ChatQuickstart;
			productReference = C9FD99732D5E284F00EADE9E /* ChatQuickstart.app */;
			productType = "com.apple.product-type.application";
		};
/* End PBXNativeTarget section */

/* Begin PBXProject section */
		C9FD996B2D5E284F00EADE9E /* Project object */ = {
			isa = PBXProject;
			attributes = {
				BuildIndependentTargetsInParallel = 1;
				LastSwiftUpdateCheck = 1600;
				LastUpgradeCheck = 1600;
				TargetAttributes = {
					C929524E2D83C5BD00E63B22 = {
						CreatedOnToolsVersion = 16.0;
					};
					C9FD99722D5E284F00EADE9E = {
						CreatedOnToolsVersion = 16.0;
					};
				};
			};
			buildConfigurationList = C9FD996E2D5E284F00EADE9E /* Build configuration list for PBXProject "ChatQuickstart" */;
			developmentRegion = en;
			hasScannedForEncodings = 0;
			knownRegions = (
				en,
				Base,
			);
			mainGroup = C9FD996A2D5E284F00EADE9E;
			minimizedProjectReferenceProxies = 1;
			preferredProjectObjectVersion = 77;
			productRefGroup = C9FD99742D5E284F00EADE9E /* Products */;
			projectDirPath = "";
			projectRoot = "";
			targets = (
				C9FD99722D5E284F00EADE9E /* ChatQuickstart */,
				C929524E2D83C5BD00E63B22 /* LiveActivitiesWidgetExtension */,
			);
		};
/* End PBXProject section */

/* Begin PBXResourcesBuildPhase section */
		C929524D2D83C5BD00E63B22 /* Resources */ = {
			isa = PBXResourcesBuildPhase;
			buildActionMask = 2147483647;
			files = (
			);
			runOnlyForDeploymentPostprocessing = 0;
		};
		C9FD99712D5E284F00EADE9E /* Resources */ = {
			isa = PBXResourcesBuildPhase;
			buildActionMask = 2147483647;
			files = (
			);
			runOnlyForDeploymentPostprocessing = 0;
		};
/* End PBXResourcesBuildPhase section */

/* Begin PBXShellScriptBuildPhase section */
		1489067313B793340368DBEB /* [CP] Embed Pods Frameworks */ = {
			isa = PBXShellScriptBuildPhase;
			buildActionMask = 2147483647;
			files = (
			);
			inputFileListPaths = (
				"${PODS_ROOT}/Target Support Files/Pods-ChatQuickstart/Pods-ChatQuickstart-frameworks-${CONFIGURATION}-input-files.xcfilelist",
			);
			name = "[CP] Embed Pods Frameworks";
			outputFileListPaths = (
				"${PODS_ROOT}/Target Support Files/Pods-ChatQuickstart/Pods-ChatQuickstart-frameworks-${CONFIGURATION}-output-files.xcfilelist",
			);
			runOnlyForDeploymentPostprocessing = 0;
			shellPath = /bin/sh;
			shellScript = "\"${PODS_ROOT}/Target Support Files/Pods-ChatQuickstart/Pods-ChatQuickstart-frameworks.sh\"\n";
			showEnvVarsInLog = 0;
		};
		9FE363C9A9B6981D99D1365F /* [CP] Copy Pods Resources */ = {
			isa = PBXShellScriptBuildPhase;
			buildActionMask = 2147483647;
			files = (
			);
			inputFileListPaths = (
				"${PODS_ROOT}/Target Support Files/Pods-ChatQuickstart/Pods-ChatQuickstart-resources-${CONFIGURATION}-input-files.xcfilelist",
			);
			name = "[CP] Copy Pods Resources";
			outputFileListPaths = (
				"${PODS_ROOT}/Target Support Files/Pods-ChatQuickstart/Pods-ChatQuickstart-resources-${CONFIGURATION}-output-files.xcfilelist",
			);
			runOnlyForDeploymentPostprocessing = 0;
			shellPath = /bin/sh;
			shellScript = "\"${PODS_ROOT}/Target Support Files/Pods-ChatQuickstart/Pods-ChatQuickstart-resources.sh\"\n";
			showEnvVarsInLog = 0;
		};
		E248BFD5D4BBFF30095170F8 /* [CP] Check Pods Manifest.lock */ = {
			isa = PBXShellScriptBuildPhase;
			buildActionMask = 2147483647;
			files = (
			);
			inputFileListPaths = (
			);
			inputPaths = (
				"${PODS_PODFILE_DIR_PATH}/Podfile.lock",
				"${PODS_ROOT}/Manifest.lock",
			);
			name = "[CP] Check Pods Manifest.lock";
			outputFileListPaths = (
			);
			outputPaths = (
				"$(DERIVED_FILE_DIR)/Pods-ChatQuickstart-checkManifestLockResult.txt",
			);
			runOnlyForDeploymentPostprocessing = 0;
			shellPath = /bin/sh;
			shellScript = "diff \"${PODS_PODFILE_DIR_PATH}/Podfile.lock\" \"${PODS_ROOT}/Manifest.lock\" > /dev/null\nif [ $? != 0 ] ; then\n    # print error to STDERR\n    echo \"error: The sandbox is not in sync with the Podfile.lock. Run 'pod install' or update your CocoaPods installation.\" >&2\n    exit 1\nfi\n# This output is used by Xcode 'outputs' to avoid re-running this script phase.\necho \"SUCCESS\" > \"${SCRIPT_OUTPUT_FILE_0}\"\n";
			showEnvVarsInLog = 0;
		};
/* End PBXShellScriptBuildPhase section */

/* Begin PBXSourcesBuildPhase section */
		C929524B2D83C5BD00E63B22 /* Sources */ = {
			isa = PBXSourcesBuildPhase;
			buildActionMask = 2147483647;
			files = (
			);
			runOnlyForDeploymentPostprocessing = 0;
		};
		C9FD996F2D5E284F00EADE9E /* Sources */ = {
			isa = PBXSourcesBuildPhase;
			buildActionMask = 2147483647;
			files = (
			);
			runOnlyForDeploymentPostprocessing = 0;
		};
/* End PBXSourcesBuildPhase section */

/* Begin PBXTargetDependency section */
		C92952612D83C5BF00E63B22 /* PBXTargetDependency */ = {
			isa = PBXTargetDependency;
			target = C929524E2D83C5BD00E63B22 /* LiveActivitiesWidgetExtension */;
			targetProxy = C92952602D83C5BF00E63B22 /* PBXContainerItemProxy */;
		};
/* End PBXTargetDependency section */

/* Begin XCBuildConfiguration section */
		C92952642D83C5BF00E63B22 /* Debug */ = {
			isa = XCBuildConfiguration;
			buildSettings = {
				ASSETCATALOG_COMPILER_GLOBAL_ACCENT_COLOR_NAME = AccentColor;
				ASSETCATALOG_COMPILER_WIDGET_BACKGROUND_COLOR_NAME = WidgetBackground;
				CODE_SIGN_ENTITLEMENTS = LiveActivitiesWidgetExtensionDebug.entitlements;
				CODE_SIGN_STYLE = Automatic;
				CURRENT_PROJECT_VERSION = 1;
				DEVELOPMENT_TEAM = 49Y7S5R7XS;
				GENERATE_INFOPLIST_FILE = YES;
				INFOPLIST_FILE = LiveActivitiesWidget/Info.plist;
				INFOPLIST_KEY_CFBundleDisplayName = LiveActivitiesWidget;
				INFOPLIST_KEY_NSHumanReadableCopyright = "";
				LD_RUNPATH_SEARCH_PATHS = (
					"$(inherited)",
					"@executable_path/Frameworks",
					"@executable_path/../../Frameworks",
				);
				MARKETING_VERSION = 1.0;
				PRODUCT_BUNDLE_IDENTIFIER = com.Xieqiangbin.ChatQuickstart.LiveActivitiesWidget;
				PRODUCT_NAME = "$(TARGET_NAME)";
				SKIP_INSTALL = YES;
				SWIFT_EMIT_LOC_STRINGS = YES;
				SWIFT_VERSION = 5.0;
				TARGETED_DEVICE_FAMILY = "1,2";
			};
			name = Debug;
		};
		C92952652D83C5BF00E63B22 /* Release */ = {
			isa = XCBuildConfiguration;
			buildSettings = {
				ASSETCATALOG_COMPILER_GLOBAL_ACCENT_COLOR_NAME = AccentColor;
				ASSETCATALOG_COMPILER_WIDGET_BACKGROUND_COLOR_NAME = WidgetBackground;
				CODE_SIGN_STYLE = Automatic;
				CURRENT_PROJECT_VERSION = 1;
				DEVELOPMENT_TEAM = 49Y7S5R7XS;
				GENERATE_INFOPLIST_FILE = YES;
				INFOPLIST_FILE = LiveActivitiesWidget/Info.plist;
				INFOPLIST_KEY_CFBundleDisplayName = LiveActivitiesWidget;
				INFOPLIST_KEY_NSHumanReadableCopyright = "";
				LD_RUNPATH_SEARCH_PATHS = (
					"$(inherited)",
					"@executable_path/Frameworks",
					"@executable_path/../../Frameworks",
				);
				MARKETING_VERSION = 1.0;
				PRODUCT_BUNDLE_IDENTIFIER = com.Xieqiangbin.ChatQuickstart.LiveActivitiesWidget;
				PRODUCT_NAME = "$(TARGET_NAME)";
				SKIP_INSTALL = YES;
				SWIFT_EMIT_LOC_STRINGS = YES;
				SWIFT_VERSION = 5.0;
				TARGETED_DEVICE_FAMILY = "1,2";
			};
			name = Release;
		};
		C9FD99872D5E285000EADE9E /* Debug */ = {
			isa = XCBuildConfiguration;
			baseConfigurationReference = 4C312FF7DECC7A9458B58EEE /* Pods-ChatQuickstart.debug.xcconfig */;
			buildSettings = {
				ASSETCATALOG_COMPILER_APPICON_NAME = AppIcon;
				ASSETCATALOG_COMPILER_GLOBAL_ACCENT_COLOR_NAME = AccentColor;
				CODE_SIGN_STYLE = Automatic;
				CURRENT_PROJECT_VERSION = 1;
				DEVELOPMENT_TEAM = 49Y7S5R7XS;
				ENABLE_USER_SCRIPT_SANDBOXING = NO;
				GENERATE_INFOPLIST_FILE = YES;
				INFOPLIST_FILE = ChatQuickstart/Info.plist;
				INFOPLIST_KEY_NSSupportsLiveActivities = YES;
				INFOPLIST_KEY_UIApplicationSupportsIndirectInputEvents = YES;
				INFOPLIST_KEY_UILaunchStoryboardName = LaunchScreen;
				INFOPLIST_KEY_UIMainStoryboardFile = Main;
				INFOPLIST_KEY_UISupportedInterfaceOrientations_iPad = "UIInterfaceOrientationPortrait UIInterfaceOrientationPortraitUpsideDown UIInterfaceOrientationLandscapeLeft UIInterfaceOrientationLandscapeRight";
				INFOPLIST_KEY_UISupportedInterfaceOrientations_iPhone = "UIInterfaceOrientationPortrait UIInterfaceOrientationLandscapeLeft UIInterfaceOrientationLandscapeRight";
				LD_RUNPATH_SEARCH_PATHS = (
					"$(inherited)",
					"@executable_path/Frameworks",
				);
				MARKETING_VERSION = 1.0;
				PRODUCT_BUNDLE_IDENTIFIER = com.Xieqiangbin.ChatQuickstart;
				PRODUCT_NAME = "$(TARGET_NAME)";
				SWIFT_EMIT_LOC_STRINGS = YES;
				SWIFT_VERSION = 5.0;
				TARGETED_DEVICE_FAMILY = "1,2";
			};
			name = Debug;
		};
		C9FD99882D5E285000EADE9E /* Release */ = {
			isa = XCBuildConfiguration;
			baseConfigurationReference = CA8530F9D34A924A32B8000B /* Pods-ChatQuickstart.release.xcconfig */;
			buildSettings = {
				ASSETCATALOG_COMPILER_APPICON_NAME = AppIcon;
				ASSETCATALOG_COMPILER_GLOBAL_ACCENT_COLOR_NAME = AccentColor;
				CODE_SIGN_STYLE = Automatic;
				CURRENT_PROJECT_VERSION = 1;
				DEVELOPMENT_TEAM = 49Y7S5R7XS;
				ENABLE_USER_SCRIPT_SANDBOXING = NO;
				GENERATE_INFOPLIST_FILE = YES;
				INFOPLIST_FILE = ChatQuickstart/Info.plist;
				INFOPLIST_KEY_NSSupportsLiveActivities = YES;
				INFOPLIST_KEY_UIApplicationSupportsIndirectInputEvents = YES;
				INFOPLIST_KEY_UILaunchStoryboardName = LaunchScreen;
				INFOPLIST_KEY_UIMainStoryboardFile = Main;
				INFOPLIST_KEY_UISupportedInterfaceOrientations_iPad = "UIInterfaceOrientationPortrait UIInterfaceOrientationPortraitUpsideDown UIInterfaceOrientationLandscapeLeft UIInterfaceOrientationLandscapeRight";
				INFOPLIST_KEY_UISupportedInterfaceOrientations_iPhone = "UIInterfaceOrientationPortrait UIInterfaceOrientationLandscapeLeft UIInterfaceOrientationLandscapeRight";
				LD_RUNPATH_SEARCH_PATHS = (
					"$(inherited)",
					"@executable_path/Frameworks",
				);
				MARKETING_VERSION = 1.0;
				PRODUCT_BUNDLE_IDENTIFIER = com.Xieqiangbin.ChatQuickstart;
				PRODUCT_NAME = "$(TARGET_NAME)";
				SWIFT_EMIT_LOC_STRINGS = YES;
				SWIFT_VERSION = 5.0;
				TARGETED_DEVICE_FAMILY = "1,2";
			};
			name = Release;
		};
		C9FD99892D5E285000EADE9E /* Debug */ = {
			isa = XCBuildConfiguration;
			buildSettings = {
				ALWAYS_SEARCH_USER_PATHS = NO;
				ASSETCATALOG_COMPILER_GENERATE_SWIFT_ASSET_SYMBOL_EXTENSIONS = YES;
				CLANG_ANALYZER_NONNULL = YES;
				CLANG_ANALYZER_NUMBER_OBJECT_CONVERSION = YES_AGGRESSIVE;
				CLANG_CXX_LANGUAGE_STANDARD = "gnu++20";
				CLANG_ENABLE_MODULES = YES;
				CLANG_ENABLE_OBJC_ARC = YES;
				CLANG_ENABLE_OBJC_WEAK = YES;
				CLANG_WARN_BLOCK_CAPTURE_AUTORELEASING = YES;
				CLANG_WARN_BOOL_CONVERSION = YES;
				CLANG_WARN_COMMA = YES;
				CLANG_WARN_CONSTANT_CONVERSION = YES;
				CLANG_WARN_DEPRECATED_OBJC_IMPLEMENTATIONS = YES;
				CLANG_WARN_DIRECT_OBJC_ISA_USAGE = YES_ERROR;
				CLANG_WARN_DOCUMENTATION_COMMENTS = YES;
				CLANG_WARN_EMPTY_BODY = YES;
				CLANG_WARN_ENUM_CONVERSION = YES;
				CLANG_WARN_INFINITE_RECURSION = YES;
				CLANG_WARN_INT_CONVERSION = YES;
				CLANG_WARN_NON_LITERAL_NULL_CONVERSION = YES;
				CLANG_WARN_OBJC_IMPLICIT_RETAIN_SELF = YES;
				CLANG_WARN_OBJC_LITERAL_CONVERSION = YES;
				CLANG_WARN_OBJC_ROOT_CLASS = YES_ERROR;
				CLANG_WARN_QUOTED_INCLUDE_IN_FRAMEWORK_HEADER = YES;
				CLANG_WARN_RANGE_LOOP_ANALYSIS = YES;
				CLANG_WARN_STRICT_PROTOTYPES = YES;
				CLANG_WARN_SUSPICIOUS_MOVE = YES;
				CLANG_WARN_UNGUARDED_AVAILABILITY = YES_AGGRESSIVE;
				CLANG_WARN_UNREACHABLE_CODE = YES;
				CLANG_WARN__DUPLICATE_METHOD_MATCH = YES;
				COPY_PHASE_STRIP = NO;
				DEBUG_INFORMATION_FORMAT = dwarf;
				ENABLE_STRICT_OBJC_MSGSEND = YES;
				ENABLE_TESTABILITY = YES;
				ENABLE_USER_SCRIPT_SANDBOXING = YES;
				GCC_C_LANGUAGE_STANDARD = gnu17;
				GCC_DYNAMIC_NO_PIC = NO;
				GCC_NO_COMMON_BLOCKS = YES;
				GCC_OPTIMIZATION_LEVEL = 0;
				GCC_PREPROCESSOR_DEFINITIONS = (
					"DEBUG=1",
					"$(inherited)",
				);
				GCC_WARN_64_TO_32_BIT_CONVERSION = YES;
				GCC_WARN_ABOUT_RETURN_TYPE = YES_ERROR;
				GCC_WARN_UNDECLARED_SELECTOR = YES;
				GCC_WARN_UNINITIALIZED_AUTOS = YES_AGGRESSIVE;
				GCC_WARN_UNUSED_FUNCTION = YES;
				GCC_WARN_UNUSED_VARIABLE = YES;
				IPHONEOS_DEPLOYMENT_TARGET = 18.0;
				LOCALIZATION_PREFERS_STRING_CATALOGS = YES;
				MTL_ENABLE_DEBUG_INFO = INCLUDE_SOURCE;
				MTL_FAST_MATH = YES;
				ONLY_ACTIVE_ARCH = YES;
				SDKROOT = iphoneos;
				SWIFT_ACTIVE_COMPILATION_CONDITIONS = "DEBUG $(inherited)";
				SWIFT_OPTIMIZATION_LEVEL = "-Onone";
			};
			name = Debug;
		};
		C9FD998A2D5E285000EADE9E /* Release */ = {
			isa = XCBuildConfiguration;
			buildSettings = {
				ALWAYS_SEARCH_USER_PATHS = NO;
				ASSETCATALOG_COMPILER_GENERATE_SWIFT_ASSET_SYMBOL_EXTENSIONS = YES;
				CLANG_ANALYZER_NONNULL = YES;
				CLANG_ANALYZER_NUMBER_OBJECT_CONVERSION = YES_AGGRESSIVE;
				CLANG_CXX_LANGUAGE_STANDARD = "gnu++20";
				CLANG_ENABLE_MODULES = YES;
				CLANG_ENABLE_OBJC_ARC = YES;
				CLANG_ENABLE_OBJC_WEAK = YES;
				CLANG_WARN_BLOCK_CAPTURE_AUTORELEASING = YES;
				CLANG_WARN_BOOL_CONVERSION = YES;
				CLANG_WARN_COMMA = YES;
				CLANG_WARN_CONSTANT_CONVERSION = YES;
				CLANG_WARN_DEPRECATED_OBJC_IMPLEMENTATIONS = YES;
				CLANG_WARN_DIRECT_OBJC_ISA_USAGE = YES_ERROR;
				CLANG_WARN_DOCUMENTATION_COMMENTS = YES;
				CLANG_WARN_EMPTY_BODY = YES;
				CLANG_WARN_ENUM_CONVERSION = YES;
				CLANG_WARN_INFINITE_RECURSION = YES;
				CLANG_WARN_INT_CONVERSION = YES;
				CLANG_WARN_NON_LITERAL_NULL_CONVERSION = YES;
				CLANG_WARN_OBJC_IMPLICIT_RETAIN_SELF = YES;
				CLANG_WARN_OBJC_LITERAL_CONVERSION = YES;
				CLANG_WARN_OBJC_ROOT_CLASS = YES_ERROR;
				CLANG_WARN_QUOTED_INCLUDE_IN_FRAMEWORK_HEADER = YES;
				CLANG_WARN_RANGE_LOOP_ANALYSIS = YES;
				CLANG_WARN_STRICT_PROTOTYPES = YES;
				CLANG_WARN_SUSPICIOUS_MOVE = YES;
				CLANG_WARN_UNGUARDED_AVAILABILITY = YES_AGGRESSIVE;
				CLANG_WARN_UNREACHABLE_CODE = YES;
				CLANG_WARN__DUPLICATE_METHOD_MATCH = YES;
				COPY_PHASE_STRIP = NO;
				DEBUG_INFORMATION_FORMAT = "dwarf-with-dsym";
				ENABLE_NS_ASSERTIONS = NO;
				ENABLE_STRICT_OBJC_MSGSEND = YES;
				ENABLE_USER_SCRIPT_SANDBOXING = YES;
				GCC_C_LANGUAGE_STANDARD = gnu17;
				GCC_NO_COMMON_BLOCKS = YES;
				GCC_WARN_64_TO_32_BIT_CONVERSION = YES;
				GCC_WARN_ABOUT_RETURN_TYPE = YES_ERROR;
				GCC_WARN_UNDECLARED_SELECTOR = YES;
				GCC_WARN_UNINITIALIZED_AUTOS = YES_AGGRESSIVE;
				GCC_WARN_UNUSED_FUNCTION = YES;
				GCC_WARN_UNUSED_VARIABLE = YES;
				IPHONEOS_DEPLOYMENT_TARGET = 18.0;
				LOCALIZATION_PREFERS_STRING_CATALOGS = YES;
				MTL_ENABLE_DEBUG_INFO = NO;
				MTL_FAST_MATH = YES;
				SDKROOT = iphoneos;
				SWIFT_COMPILATION_MODE = wholemodule;
				VALIDATE_PRODUCT = YES;
			};
			name = Release;
		};
/* End XCBuildConfiguration section */

/* Begin XCConfigurationList section */
		C92952632D83C5BF00E63B22 /* Build configuration list for PBXNativeTarget "LiveActivitiesWidgetExtension" */ = {
			isa = XCConfigurationList;
			buildConfigurations = (
				C92952642D83C5BF00E63B22 /* Debug */,
				C92952652D83C5BF00E63B22 /* Release */,
			);
			defaultConfigurationIsVisible = 0;
			defaultConfigurationName = Release;
		};
		C9FD996E2D5E284F00EADE9E /* Build configuration list for PBXProject "ChatQuickstart" */ = {
			isa = XCConfigurationList;
			buildConfigurations = (
				C9FD99892D5E285000EADE9E /* Debug */,
				C9FD998A2D5E285000EADE9E /* Release */,
			);
			defaultConfigurationIsVisible = 0;
			defaultConfigurationName = Release;
		};
		C9FD99862D5E285000EADE9E /* Build configuration list for PBXNativeTarget "ChatQuickstart" */ = {
			isa = XCConfigurationList;
			buildConfigurations = (
				C9FD99872D5E285000EADE9E /* Debug */,
				C9FD99882D5E285000EADE9E /* Release */,
			);
			defaultConfigurationIsVisible = 0;
			defaultConfigurationName = Release;
		};
/* End XCConfigurationList section */
	};
	rootObject = C9FD996B2D5E284F00EADE9E /* Project object */;
}
